
Microsoft Visual Studio Solution File, Format Version 12.00
# Visual Studio 15
VisualStudioVersion = 15.0.28010.2036
MinimumVisualStudioVersion = 10.0.40219.1
Project("{FAE04EC0-301F-11D3-BF4B-00C04F79EFBC}") = "Airport scoreboard", "Airport scoreboard\Airport scoreboard.csproj", "{45B60CAA-5F8D-4E27-8134-5C183F782C8A}"
EndProject
Global
	GlobalSection(SolutionConfigurationPlatforms) = preSolution
		Debug|Any CPU = Debug|Any CPU
		Release|Any CPU = Release|Any CPU
	EndGlobalSection
	GlobalSection(ProjectConfigurationPlatforms) = postSolution
		{45B60CAA-5F8D-4E27-8134-5C183F782C8A}.Debug|Any CPU.ActiveCfg = Debug|Any CPU
		{45B60CAA-5F8D-4E27-8134-5C183F782C8A}.Debug|Any CPU.Build.0 = Debug|Any CPU
		{45B60CAA-5F8D-4E27-8134-5C183F782C8A}.Release|Any CPU.ActiveCfg = Release|Any CPU
		{45B60CAA-5F8D-4E27-8134-5C183F782C8A}.Release|Any CPU.Build.0 = Release|Any CPU
	EndGlobalSection
	GlobalSection(SolutionProperties) = preSolution
		HideSolutionNode = FALSE
	EndGlobalSection
	GlobalSection(ExtensibilityGlobals) = postSolution
		SolutionGuid = {BD5D1288-9725-42D6-BB43-7077A6B8B55A}
	EndGlobalSection
EndGlobal
